
Microsoft Visual Studio Solution File, Format Version 12.00
# Visual Studio Version 17
VisualStudioVersion = 17.7.34024.191
MinimumVisualStudioVersion = 10.0.40219.1
Project("{2150E333-8FDC-42A3-9474-1A3956D46DE8}") = "Cansolve", "Cansolve", "{36070A1C-4049-44DA-A56F-DAA6011C3607}"
EndProject
Project("{9A19103F-16F7-4668-BE54-9A1E7A4F7556}") = "CansolveANK", "CansolveANK\CansolveANK.csproj", "{91F6FC6F-7660-4950-9E1F-94392A99DC97}"
EndProject
Project("{2150E333-8FDC-42A3-9474-1A3956D46DE8}") = "IdientityServer", "IdientityServer", "{5DBDA8F5-89E4-4846-BFCC-FCB062EFFD52}"
EndProject
Project("{9A19103F-16F7-4668-BE54-9A1E7A4F7556}") = "IDSERVER", "IDSERVER\IDSERVER.csproj", "{70C4983F-E8EA-44C2-B225-A55BD3D31DFD}"
EndProject
Project("{2150E333-8FDC-42A3-9474-1A3956D46DE8}") = "CansolvView", "CansolvView", "{0D2E181A-8596-4F41-BF93-143F41002FAC}"
EndProject
Project("{9A19103F-16F7-4668-BE54-9A1E7A4F7556}") = "CansolvUI", "CansolvUI\CansolvUI.csproj", "{6481F29A-EA0E-412A-8365-0B25C3401A57}"
EndProject
Project("{9A19103F-16F7-4668-BE54-9A1E7A4F7556}") = "DummyDubugUi", "DummyDubugUi\DummyDubugUi.csproj", "{737A533C-AA9C-4DA8-B9E3-445199AAC5EE}"
EndProject
Project("{2150E333-8FDC-42A3-9474-1A3956D46DE8}") = "MSTPClient", "MSTPClient", "{E4311F20-0A12-43E0-AFF6-548DB96EA282}"
EndProject
Global
	GlobalSection(SolutionConfigurationPlatforms) = preSolution
		Debug|Any CPU = Debug|Any CPU
		Release|Any CPU = Release|Any CPU
	EndGlobalSection
	GlobalSection(ProjectConfigurationPlatforms) = postSolution
		{91F6FC6F-7660-4950-9E1F-94392A99DC97}.Debug|Any CPU.ActiveCfg = Debug|Any CPU
		{91F6FC6F-7660-4950-9E1F-94392A99DC97}.Debug|Any CPU.Build.0 = Debug|Any CPU
		{91F6FC6F-7660-4950-9E1F-94392A99DC97}.Release|Any CPU.ActiveCfg = Release|Any CPU
		{91F6FC6F-7660-4950-9E1F-94392A99DC97}.Release|Any CPU.Build.0 = Release|Any CPU
		{70C4983F-E8EA-44C2-B225-A55BD3D31DFD}.Debug|Any CPU.ActiveCfg = Debug|Any CPU
		{70C4983F-E8EA-44C2-B225-A55BD3D31DFD}.Debug|Any CPU.Build.0 = Debug|Any CPU
		{70C4983F-E8EA-44C2-B225-A55BD3D31DFD}.Release|Any CPU.ActiveCfg = Release|Any CPU
		{70C4983F-E8EA-44C2-B225-A55BD3D31DFD}.Release|Any CPU.Build.0 = Release|Any CPU
		{6481F29A-EA0E-412A-8365-0B25C3401A57}.Debug|Any CPU.ActiveCfg = Debug|Any CPU
		{6481F29A-EA0E-412A-8365-0B25C3401A57}.Debug|Any CPU.Build.0 = Debug|Any CPU
		{6481F29A-EA0E-412A-8365-0B25C3401A57}.Release|Any CPU.ActiveCfg = Release|Any CPU
		{6481F29A-EA0E-412A-8365-0B25C3401A57}.Release|Any CPU.Build.0 = Release|Any CPU
		{737A533C-AA9C-4DA8-B9E3-445199AAC5EE}.Debug|Any CPU.ActiveCfg = Debug|Any CPU
		{737A533C-AA9C-4DA8-B9E3-445199AAC5EE}.Debug|Any CPU.Build.0 = Debug|Any CPU
		{737A533C-AA9C-4DA8-B9E3-445199AAC5EE}.Release|Any CPU.ActiveCfg = Release|Any CPU
		{737A533C-AA9C-4DA8-B9E3-445199AAC5EE}.Release|Any CPU.Build.0 = Release|Any CPU
	EndGlobalSection
	GlobalSection(SolutionProperties) = preSolution
		HideSolutionNode = FALSE
	EndGlobalSection
	GlobalSection(NestedProjects) = preSolution
		{91F6FC6F-7660-4950-9E1F-94392A99DC97} = {36070A1C-4049-44DA-A56F-DAA6011C3607}
		{70C4983F-E8EA-44C2-B225-A55BD3D31DFD} = {5DBDA8F5-89E4-4846-BFCC-FCB062EFFD52}
		{6481F29A-EA0E-412A-8365-0B25C3401A57} = {0D2E181A-8596-4F41-BF93-143F41002FAC}
	EndGlobalSection
	GlobalSection(ExtensibilityGlobals) = postSolution
		SolutionGuid = {4C85B8F3-9592-48C6-8480-6188AB42EAEC}
	EndGlobalSection
EndGlobal
